<Solution>
  <Folder Name="/src/">
    <Project Path="src/ClinicApp.Api/ClinicApp.Api.csproj" />
    <Project Path="src/ClinicApp.Auth/ClinicApp.Auth.csproj" />
    <Project Path="src/ClinicApp.Domain/ClinicApp.Domain.csproj" />
    <Project Path="src/ClinicApp.Infrastructure/ClinicApp.Infrastructure.csproj" />
  </Folder>
  <Folder Name="/tests/">
    <Project Path="tests/ClinicApp.Api.Tests/ClinicApp.Api.Tests.csproj" />
  </Folder>
</Solution>
